{
  "object": {
    "pins": [
      {
        "package": "curl",
        "repositoryURL": "https://github.com/zhtut/curl.git",
        "state": {
          "branch": null,
          "revision": "6303003de3276c3dd1644ffb99840e3d19bc15f7",
          "version": "8.0.1"
        }
      }
    ]
  },
  "version": 1
}
