{
  "object": {
    "pins": [
      {
        "package": "curl",
        "repositoryURL": "https://github.com/zhtut/curl.git",
        "state": {
          "branch": null,
          "revision": "8a12a382758a4769a7ee7f685d5326c33a2e9e2d",
          "version": "8.4.0"
        }
      }
    ]
  },
  "version": 1
}
